Microsoft Visual Studio Solution File, Format Version 12.00
# Visual Studio Version 17
VisualStudioVersion = 17.5.2.0
MinimumVisualStudioVersion = 10.0.40219.1
Project("{FAE04EC0-301F-11D3-BF4B-00C04F79EFBC}") = "OGEDataReading", "OGEDataReading.csproj", "{C005B425-3287-7292-A712-81A45C0142EE}"
EndProject
Global
	GlobalSection(SolutionConfigurationPlatforms) = preSolution
		Debug|Any CPU = Debug|Any CPU
		Release|Any CPU = Release|Any CPU
	EndGlobalSection
	GlobalSection(ProjectConfigurationPlatforms) = postSolution
		{C005B425-3287-7292-A712-81A45C0142EE}.Debug|Any CPU.ActiveCfg = Debug|Any CPU
		{C005B425-3287-7292-A712-81A45C0142EE}.Debug|Any CPU.Build.0 = Debug|Any CPU
		{C005B425-3287-7292-A712-81A45C0142EE}.Release|Any CPU.ActiveCfg = Release|Any CPU
		{C005B425-3287-7292-A712-81A45C0142EE}.Release|Any CPU.Build.0 = Release|Any CPU
	EndGlobalSection
	GlobalSection(SolutionProperties) = preSolution
		HideSolutionNode = FALSE
	EndGlobalSection
	GlobalSection(ExtensibilityGlobals) = postSolution
		SolutionGuid = {7DB97CED-74A4-4D40-BA98-E19E798D3601}
	EndGlobalSection
EndGlobal
